// !$*UTF8*$!
{
	archiveVersion = 1;
	classes = {
	};
	objectVersion = 56;
	objects = {

/* Begin PBXBuildFile section */
		E61D5EEF2C272F5300B2D6DE /* iOSConcurrencyApp.swift in Sources */ = {isa = PBXBuildFile; fileRef = E61D5EEE2C272F5300B2D6DE /* iOSConcurrencyApp.swift */; };
		E61D5EF12C272F5300B2D6DE /* UsersListView.swift in Sources */ = {isa = PBXBuildFile; fileRef = E61D5EF02C272F5300B2D6DE /* UsersListView.swift */; };
		E61D5EF32C272F5400B2D6DE /* Assets.xcassets in Resources */ = {isa = PBXBuildFile; fileRef = E61D5EF22C272F5400B2D6DE /* Assets.xcassets */; };
		E61D5EF62C272F5400B2D6DE /* Preview Assets.xcassets in Resources */ = {isa = PBXBuildFile; fileRef = E61D5EF52C272F5400B2D6DE /* Preview Assets.xcassets */; };
		E61D5EFF2C273B8400B2D6DE /* UserModel.swift in Sources */ = {isa = PBXBuildFile; fileRef = E61D5EFE2C273B8400B2D6DE /* UserModel.swift */; };
		E61D5F012C273C2B00B2D6DE /* PostModel.swift in Sources */ = {isa = PBXBuildFile; fileRef = E61D5F002C273C2B00B2D6DE /* PostModel.swift */; };
		E61D5F042C273CC500B2D6DE /* APIService.swift in Sources */ = {isa = PBXBuildFile; fileRef = E61D5F032C273CC500B2D6DE /* APIService.swift */; };
		E61D5F082C29D7D700B2D6DE /* UsersListVM.swift in Sources */ = {isa = PBXBuildFile; fileRef = E61D5F072C29D7D700B2D6DE /* UsersListVM.swift */; };
		E61D5F0A2C29DA7F00B2D6DE /* users.json in Resources */ = {isa = PBXBuildFile; fileRef = E61D5F092C29DA7F00B2D6DE /* users.json */; };
		E61D5F0C2C29DAA300B2D6DE /* posts.json in Resources */ = {isa = PBXBuildFile; fileRef = E61D5F0B2C29DAA300B2D6DE /* posts.json */; };
		E61D5F0F2C29DB2A00B2D6DE /* Bundle+Extension.swift in Sources */ = {isa = PBXBuildFile; fileRef = E61D5F0E2C29DB2A00B2D6DE /* Bundle+Extension.swift */; };
		E61D5F112C29DCA100B2D6DE /* MockData.swift in Sources */ = {isa = PBXBuildFile; fileRef = E61D5F102C29DCA100B2D6DE /* MockData.swift */; };
/* End PBXBuildFile section */

/* Begin PBXFileReference section */
		E61D5EEB2C272F5300B2D6DE /* iOSConcurrency.app */ = {isa = PBXFileReference; explicitFileType = wrapper.application; includeInIndex = 0; path = iOSConcurrency.app; sourceTree = BUILT_PRODUCTS_DIR; };
		E61D5EEE2C272F5300B2D6DE /* iOSConcurrencyApp.swift */ = {isa = PBXFileReference; lastKnownFileType = sourcecode.swift; path = iOSConcurrencyApp.swift; sourceTree = "<group>"; };
		E61D5EF02C272F5300B2D6DE /* UsersListView.swift */ = {isa = PBXFileReference; lastKnownFileType = sourcecode.swift; path = UsersListView.swift; sourceTree = "<group>"; };
		E61D5EF22C272F5400B2D6DE /* Assets.xcassets */ = {isa = PBXFileReference; lastKnownFileType = folder.assetcatalog; path = Assets.xcassets; sourceTree = "<group>"; };
		E61D5EF52C272F5400B2D6DE /* Preview Assets.xcassets */ = {isa = PBXFileReference; lastKnownFileType = folder.assetcatalog; path = "Preview Assets.xcassets"; sourceTree = "<group>"; };
		E61D5EFC2C27351700B2D6DE /* Info.plist */ = {isa = PBXFileReference; lastKnownFileType = text.plist; path = Info.plist; sourceTree = "<group>"; };
		E61D5EFE2C273B8400B2D6DE /* UserModel.swift */ = {isa = PBXFileReference; lastKnownFileType = sourcecode.swift; path = UserModel.swift; sourceTree = "<group>"; };
		E61D5F002C273C2B00B2D6DE /* PostModel.swift */ = {isa = PBXFileReference; lastKnownFileType = sourcecode.swift; path = PostModel.swift; sourceTree = "<group>"; };
		E61D5F032C273CC500B2D6DE /* APIService.swift */ = {isa = PBXFileReference; lastKnownFileType = sourcecode.swift; path = APIService.swift; sourceTree = "<group>"; };
		E61D5F072C29D7D700B2D6DE /* UsersListVM.swift */ = {isa = PBXFileReference; lastKnownFileType = sourcecode.swift; path = UsersListVM.swift; sourceTree = "<group>"; };
		E61D5F092C29DA7F00B2D6DE /* users.json */ = {isa = PBXFileReference; lastKnownFileType = text.json; path = users.json; sourceTree = "<group>"; };
		E61D5F0B2C29DAA300B2D6DE /* posts.json */ = {isa = PBXFileReference; lastKnownFileType = text.json; path = posts.json; sourceTree = "<group>"; };
		E61D5F0E2C29DB2A00B2D6DE /* Bundle+Extension.swift */ = {isa = PBXFileReference; lastKnownFileType = sourcecode.swift; path = "Bundle+Extension.swift"; sourceTree = "<group>"; };
		E61D5F102C29DCA100B2D6DE /* MockData.swift */ = {isa = PBXFileReference; lastKnownFileType = sourcecode.swift; path = MockData.swift; sourceTree = "<group>"; };
/* End PBXFileReference section */

/* Begin PBXFrameworksBuildPhase section */
		E61D5EE82C272F5300B2D6DE /* Frameworks */ = {
			isa = PBXFrameworksBuildPhase;
			buildActionMask = 2147483647;
			files = (
			);
			runOnlyForDeploymentPostprocessing = 0;
		};
/* End PBXFrameworksBuildPhase section */

/* Begin PBXGroup section */
		E61D5EE22C272F5300B2D6DE = {
			isa = PBXGroup;
			children = (
				E61D5EED2C272F5300B2D6DE /* iOSConcurrency */,
				E61D5EEC2C272F5300B2D6DE /* Products */,
			);
			sourceTree = "<group>";
		};
		E61D5EEC2C272F5300B2D6DE /* Products */ = {
			isa = PBXGroup;
			children = (
				E61D5EEB2C272F5300B2D6DE /* iOSConcurrency.app */,
			);
			name = Products;
			sourceTree = "<group>";
		};
		E61D5EED2C272F5300B2D6DE /* iOSConcurrency */ = {
			isa = PBXGroup;
			children = (
				E61D5F0D2C29DB1C00B2D6DE /* Extensions */,
				E61D5EFD2C273B7400B2D6DE /* Models */,
				E61D5F052C29D79900B2D6DE /* Views */,
				E61D5F062C29D7C600B2D6DE /* ViewModels */,
				E61D5F022C273CB500B2D6DE /* Services */,
				E61D5EFC2C27351700B2D6DE /* Info.plist */,
				E61D5EEE2C272F5300B2D6DE /* iOSConcurrencyApp.swift */,
				E61D5EF22C272F5400B2D6DE /* Assets.xcassets */,
				E61D5EF42C272F5400B2D6DE /* Preview Content */,
			);
			path = iOSConcurrency;
			sourceTree = "<group>";
		};
		E61D5EF42C272F5400B2D6DE /* Preview Content */ = {
			isa = PBXGroup;
			children = (
				E61D5EF52C272F5400B2D6DE /* Preview Assets.xcassets */,
				E61D5F092C29DA7F00B2D6DE /* users.json */,
				E61D5F0B2C29DAA300B2D6DE /* posts.json */,
				E61D5F102C29DCA100B2D6DE /* MockData.swift */,
			);
			path = "Preview Content";
			sourceTree = "<group>";
		};
		E61D5EFD2C273B7400B2D6DE /* Models */ = {
			isa = PBXGroup;
			children = (
				E61D5EFE2C273B8400B2D6DE /* UserModel.swift */,
				E61D5F002C273C2B00B2D6DE /* PostModel.swift */,
			);
			path = Models;
			sourceTree = "<group>";
		};
		E61D5F022C273CB500B2D6DE /* Services */ = {
			isa = PBXGroup;
			children = (
				E61D5F032C273CC500B2D6DE /* APIService.swift */,
			);
			path = Services;
			sourceTree = "<group>";
		};
		E61D5F052C29D79900B2D6DE /* Views */ = {
			isa = PBXGroup;
			children = (
				E61D5EF02C272F5300B2D6DE /* UsersListView.swift */,
			);
			path = Views;
			sourceTree = "<group>";
		};
		E61D5F062C29D7C600B2D6DE /* ViewModels */ = {
			isa = PBXGroup;
			children = (
				E61D5F072C29D7D700B2D6DE /* UsersListVM.swift */,
			);
			path = ViewModels;
			sourceTree = "<group>";
		};
		E61D5F0D2C29DB1C00B2D6DE /* Extensions */ = {
			isa = PBXGroup;
			children = (
				E61D5F0E2C29DB2A00B2D6DE /* Bundle+Extension.swift */,
			);
			path = Extensions;
			sourceTree = "<group>";
		};
/* End PBXGroup section */

/* Begin PBXNativeTarget section */
		E61D5EEA2C272F5300B2D6DE /* iOSConcurrency */ = {
			isa = PBXNativeTarget;
			buildConfigurationList = E61D5EF92C272F5400B2D6DE /* Build configuration list for PBXNativeTarget "iOSConcurrency" */;
			buildPhases = (
				E61D5EE72C272F5300B2D6DE /* Sources */,
				E61D5EE82C272F5300B2D6DE /* Frameworks */,
				E61D5EE92C272F5300B2D6DE /* Resources */,
			);
			buildRules = (
			);
			dependencies = (
			);
			name = iOSConcurrency;
			productName = iOSConcurrency;
			productReference = E61D5EEB2C272F5300B2D6DE /* iOSConcurrency.app */;
			productType = "com.apple.product-type.application";
		};
/* End PBXNativeTarget section */

/* Begin PBXProject section */
		E61D5EE32C272F5300B2D6DE /* Project object */ = {
			isa = PBXProject;
			attributes = {
				BuildIndependentTargetsInParallel = 1;
				LastSwiftUpdateCheck = 1400;
				LastUpgradeCheck = 1400;
				TargetAttributes = {
					E61D5EEA2C272F5300B2D6DE = {
						CreatedOnToolsVersion = 14.0;
					};
				};
			};
			buildConfigurationList = E61D5EE62C272F5300B2D6DE /* Build configuration list for PBXProject "iOSConcurrency" */;
			compatibilityVersion = "Xcode 14.0";
			developmentRegion = en;
			hasScannedForEncodings = 0;
			knownRegions = (
				en,
				Base,
			);
			mainGroup = E61D5EE22C272F5300B2D6DE;
			productRefGroup = E61D5EEC2C272F5300B2D6DE /* Products */;
			projectDirPath = "";
			projectRoot = "";
			targets = (
				E61D5EEA2C272F5300B2D6DE /* iOSConcurrency */,
			);
		};
/* End PBXProject section */

/* Begin PBXResourcesBuildPhase section */
		E61D5EE92C272F5300B2D6DE /* Resources */ = {
			isa = PBXResourcesBuildPhase;
			buildActionMask = 2147483647;
			files = (
				E61D5F0A2C29DA7F00B2D6DE /* users.json in Resources */,
				E61D5EF62C272F5400B2D6DE /* Preview Assets.xcassets in Resources */,
				E61D5EF32C272F5400B2D6DE /* Assets.xcassets in Resources */,
				E61D5F0C2C29DAA300B2D6DE /* posts.json in Resources */,
			);
			runOnlyForDeploymentPostprocessing = 0;
		};
/* End PBXResourcesBuildPhase section */

/* Begin PBXSourcesBuildPhase section */
		E61D5EE72C272F5300B2D6DE /* Sources */ = {
			isa = PBXSourcesBuildPhase;
			buildActionMask = 2147483647;
			files = (
				E61D5EF12C272F5300B2D6DE /* UsersListView.swift in Sources */,
				E61D5F0F2C29DB2A00B2D6DE /* Bundle+Extension.swift in Sources */,
				E61D5F082C29D7D700B2D6DE /* UsersListVM.swift in Sources */,
				E61D5F042C273CC500B2D6DE /* APIService.swift in Sources */,
				E61D5F012C273C2B00B2D6DE /* PostModel.swift in Sources */,
				E61D5F112C29DCA100B2D6DE /* MockData.swift in Sources */,
				E61D5EFF2C273B8400B2D6DE /* UserModel.swift in Sources */,
				E61D5EEF2C272F5300B2D6DE /* iOSConcurrencyApp.swift in Sources */,
			);
			runOnlyForDeploymentPostprocessing = 0;
		};
/* End PBXSourcesBuildPhase section */

/* Begin XCBuildConfiguration section */
		E61D5EF72C272F5400B2D6DE /* Debug */ = {
			isa = XCBuildConfiguration;
			buildSettings = {
				ALWAYS_SEARCH_USER_PATHS = NO;
				CLANG_ANALYZER_NONNULL = YES;
				CLANG_ANALYZER_NUMBER_OBJECT_CONVERSION = YES_AGGRESSIVE;
				CLANG_CXX_LANGUAGE_STANDARD = "gnu++20";
				CLANG_ENABLE_MODULES = YES;
				CLANG_ENABLE_OBJC_ARC = YES;
				CLANG_ENABLE_OBJC_WEAK = YES;
				CLANG_WARN_BLOCK_CAPTURE_AUTORELEASING = YES;
				CLANG_WARN_BOOL_CONVERSION = YES;
				CLANG_WARN_COMMA = YES;
				CLANG_WARN_CONSTANT_CONVERSION = YES;
				CLANG_WARN_DEPRECATED_OBJC_IMPLEMENTATIONS = YES;
				CLANG_WARN_DIRECT_OBJC_ISA_USAGE = YES_ERROR;
				CLANG_WARN_DOCUMENTATION_COMMENTS = YES;
				CLANG_WARN_EMPTY_BODY = YES;
				CLANG_WARN_ENUM_CONVERSION = YES;
				CLANG_WARN_INFINITE_RECURSION = YES;
				CLANG_WARN_INT_CONVERSION = YES;
				CLANG_WARN_NON_LITERAL_NULL_CONVERSION = YES;
				CLANG_WARN_OBJC_IMPLICIT_RETAIN_SELF = YES;
				CLANG_WARN_OBJC_LITERAL_CONVERSION = YES;
				CLANG_WARN_OBJC_ROOT_CLASS = YES_ERROR;
				CLANG_WARN_QUOTED_INCLUDE_IN_FRAMEWORK_HEADER = YES;
				CLANG_WARN_RANGE_LOOP_ANALYSIS = YES;
				CLANG_WARN_STRICT_PROTOTYPES = YES;
				CLANG_WARN_SUSPICIOUS_MOVE = YES;
				CLANG_WARN_UNGUARDED_AVAILABILITY = YES_AGGRESSIVE;
				CLANG_WARN_UNREACHABLE_CODE = YES;
				CLANG_WARN__DUPLICATE_METHOD_MATCH = YES;
				COPY_PHASE_STRIP = NO;
				DEBUG_INFORMATION_FORMAT = dwarf;
				ENABLE_STRICT_OBJC_MSGSEND = YES;
				ENABLE_TESTABILITY = YES;
				GCC_C_LANGUAGE_STANDARD = gnu11;
				GCC_DYNAMIC_NO_PIC = NO;
				GCC_NO_COMMON_BLOCKS = YES;
				GCC_OPTIMIZATION_LEVEL = 0;
				GCC_PREPROCESSOR_DEFINITIONS = (
					"DEBUG=1",
					"$(inherited)",
				);
				GCC_WARN_64_TO_32_BIT_CONVERSION = YES;
				GCC_WARN_ABOUT_RETURN_TYPE = YES_ERROR;
				GCC_WARN_UNDECLARED_SELECTOR = YES;
				GCC_WARN_UNINITIALIZED_AUTOS = YES_AGGRESSIVE;
				GCC_WARN_UNUSED_FUNCTION = YES;
				GCC_WARN_UNUSED_VARIABLE = YES;
				IPHONEOS_DEPLOYMENT_TARGET = 16.0;
				MTL_ENABLE_DEBUG_INFO = INCLUDE_SOURCE;
				MTL_FAST_MATH = YES;
				ONLY_ACTIVE_ARCH = YES;
				SDKROOT = iphoneos;
				SWIFT_ACTIVE_COMPILATION_CONDITIONS = DEBUG;
				SWIFT_OPTIMIZATION_LEVEL = "-Onone";
			};
			name = Debug;
		};
		E61D5EF82C272F5400B2D6DE /* Release */ = {
			isa = XCBuildConfiguration;
			buildSettings = {
				ALWAYS_SEARCH_USER_PATHS = NO;
				CLANG_ANALYZER_NONNULL = YES;
				CLANG_ANALYZER_NUMBER_OBJECT_CONVERSION = YES_AGGRESSIVE;
				CLANG_CXX_LANGUAGE_STANDARD = "gnu++20";
				CLANG_ENABLE_MODULES = YES;
				CLANG_ENABLE_OBJC_ARC = YES;
				CLANG_ENABLE_OBJC_WEAK = YES;
				CLANG_WARN_BLOCK_CAPTURE_AUTORELEASING = YES;
				CLANG_WARN_BOOL_CONVERSION = YES;
				CLANG_WARN_COMMA = YES;
				CLANG_WARN_CONSTANT_CONVERSION = YES;
				CLANG_WARN_DEPRECATED_OBJC_IMPLEMENTATIONS = YES;
				CLANG_WARN_DIRECT_OBJC_ISA_USAGE = YES_ERROR;
				CLANG_WARN_DOCUMENTATION_COMMENTS = YES;
				CLANG_WARN_EMPTY_BODY = YES;
				CLANG_WARN_ENUM_CONVERSION = YES;
				CLANG_WARN_INFINITE_RECURSION = YES;
				CLANG_WARN_INT_CONVERSION = YES;
				CLANG_WARN_NON_LITERAL_NULL_CONVERSION = YES;
				CLANG_WARN_OBJC_IMPLICIT_RETAIN_SELF = YES;
				CLANG_WARN_OBJC_LITERAL_CONVERSION = YES;
				CLANG_WARN_OBJC_ROOT_CLASS = YES_ERROR;
				CLANG_WARN_QUOTED_INCLUDE_IN_FRAMEWORK_HEADER = YES;
				CLANG_WARN_RANGE_LOOP_ANALYSIS = YES;
				CLANG_WARN_STRICT_PROTOTYPES = YES;
				CLANG_WARN_SUSPICIOUS_MOVE = YES;
				CLANG_WARN_UNGUARDED_AVAILABILITY = YES_AGGRESSIVE;
				CLANG_WARN_UNREACHABLE_CODE = YES;
				CLANG_WARN__DUPLICATE_METHOD_MATCH = YES;
				COPY_PHASE_STRIP = NO;
				DEBUG_INFORMATION_FORMAT = "dwarf-with-dsym";
				ENABLE_NS_ASSERTIONS = NO;
				ENABLE_STRICT_OBJC_MSGSEND = YES;
				GCC_C_LANGUAGE_STANDARD = gnu11;
				GCC_NO_COMMON_BLOCKS = YES;
				GCC_WARN_64_TO_32_BIT_CONVERSION = YES;
				GCC_WARN_ABOUT_RETURN_TYPE = YES_ERROR;
				GCC_WARN_UNDECLARED_SELECTOR = YES;
				GCC_WARN_UNINITIALIZED_AUTOS = YES_AGGRESSIVE;
				GCC_WARN_UNUSED_FUNCTION = YES;
				GCC_WARN_UNUSED_VARIABLE = YES;
				IPHONEOS_DEPLOYMENT_TARGET = 16.0;
				MTL_ENABLE_DEBUG_INFO = NO;
				MTL_FAST_MATH = YES;
				SDKROOT = iphoneos;
				SWIFT_COMPILATION_MODE = wholemodule;
				SWIFT_OPTIMIZATION_LEVEL = "-O";
				VALIDATE_PRODUCT = YES;
			};
			name = Release;
		};
		E61D5EFA2C272F5400B2D6DE /* Debug */ = {
			isa = XCBuildConfiguration;
			buildSettings = {
				ASSETCATALOG_COMPILER_APPICON_NAME = AppIcon;
				ASSETCATALOG_COMPILER_GLOBAL_ACCENT_COLOR_NAME = AccentColor;
				CODE_SIGN_STYLE = Automatic;
				CURRENT_PROJECT_VERSION = 1;
				DEVELOPMENT_ASSET_PATHS = "\"iOSConcurrency/Preview Content\"";
				DEVELOPMENT_TEAM = 36MTHBUX62;
				ENABLE_PREVIEWS = YES;
				GENERATE_INFOPLIST_FILE = YES;
				INFOPLIST_FILE = iOSConcurrency/Info.plist;
				INFOPLIST_KEY_UIApplicationSceneManifest_Generation = YES;
				INFOPLIST_KEY_UIApplicationSupportsIndirectInputEvents = YES;
				INFOPLIST_KEY_UISupportedInterfaceOrientations_iPad = "UIInterfaceOrientationPortrait UIInterfaceOrientationPortraitUpsideDown UIInterfaceOrientationLandscapeLeft UIInterfaceOrientationLandscapeRight";
				INFOPLIST_KEY_UISupportedInterfaceOrientations_iPhone = "UIInterfaceOrientationPortrait UIInterfaceOrientationLandscapeLeft UIInterfaceOrientationLandscapeRight";
				LD_RUNPATH_SEARCH_PATHS = (
					"$(inherited)",
					"@executable_path/Frameworks",
				);
				MARKETING_VERSION = 1.0;
				PRODUCT_BUNDLE_IDENTIFIER = com.nancy.iOSConcurrency;
				PRODUCT_NAME = "$(TARGET_NAME)";
				SWIFT_EMIT_LOC_STRINGS = YES;
				SWIFT_VERSION = 5.0;
				TARGETED_DEVICE_FAMILY = "1,2";
			};
			name = Debug;
		};
		E61D5EFB2C272F5400B2D6DE /* Release */ = {
			isa = XCBuildConfiguration;
			buildSettings = {
				ASSETCATALOG_COMPILER_APPICON_NAME = AppIcon;
				ASSETCATALOG_COMPILER_GLOBAL_ACCENT_COLOR_NAME = AccentColor;
				CODE_SIGN_STYLE = Automatic;
				CURRENT_PROJECT_VERSION = 1;
				DEVELOPMENT_ASSET_PATHS = "\"iOSConcurrency/Preview Content\"";
				DEVELOPMENT_TEAM = 36MTHBUX62;
				ENABLE_PREVIEWS = YES;
				GENERATE_INFOPLIST_FILE = YES;
				INFOPLIST_FILE = iOSConcurrency/Info.plist;
				INFOPLIST_KEY_UIApplicationSceneManifest_Generation = YES;
				INFOPLIST_KEY_UIApplicationSupportsIndirectInputEvents = YES;
				INFOPLIST_KEY_UISupportedInterfaceOrientations_iPad = "UIInterfaceOrientationPortrait UIInterfaceOrientationPortraitUpsideDown UIInterfaceOrientationLandscapeLeft UIInterfaceOrientationLandscapeRight";
				INFOPLIST_KEY_UISupportedInterfaceOrientations_iPhone = "UIInterfaceOrientationPortrait UIInterfaceOrientationLandscapeLeft UIInterfaceOrientationLandscapeRight";
				LD_RUNPATH_SEARCH_PATHS = (
					"$(inherited)",
					"@executable_path/Frameworks",
				);
				MARKETING_VERSION = 1.0;
				PRODUCT_BUNDLE_IDENTIFIER = com.nancy.iOSConcurrency;
				PRODUCT_NAME = "$(TARGET_NAME)";
				SWIFT_EMIT_LOC_STRINGS = YES;
				SWIFT_VERSION = 5.0;
				TARGETED_DEVICE_FAMILY = "1,2";
			};
			name = Release;
		};
/* End XCBuildConfiguration section */

/* Begin XCConfigurationList section */
		E61D5EE62C272F5300B2D6DE /* Build configuration list for PBXProject "iOSConcurrency" */ = {
			isa = XCConfigurationList;
			buildConfigurations = (
				E61D5EF72C272F5400B2D6DE /* Debug */,
				E61D5EF82C272F5400B2D6DE /* Release */,
			);
			defaultConfigurationIsVisible = 0;
			defaultConfigurationName = Release;
		};
		E61D5EF92C272F5400B2D6DE /* Build configuration list for PBXNativeTarget "iOSConcurrency" */ = {
			isa = XCConfigurationList;
			buildConfigurations = (
				E61D5EFA2C272F5400B2D6DE /* Debug */,
				E61D5EFB2C272F5400B2D6DE /* Release */,
			);
			defaultConfigurationIsVisible = 0;
			defaultConfigurationName = Release;
		};
/* End XCConfigurationList section */
	};
	rootObject = E61D5EE32C272F5300B2D6DE /* Project object */;
}
